// !$*UTF8*$!
{
	archiveVersion = 1;
	classes = {
	};
	objectVersion = 50;
	objects = {

/* Begin PBXBuildFile section */
		064D480F27466ED700005F27 /* main.cpp in Sources */ = {isa = PBXBuildFile; fileRef = 064D480E27466ED700005F27 /* main.cpp */; };
		06B6293F2787A8DF00046D18 /* zone.c in Sources */ = {isa = PBXBuildFile; fileRef = 06B627A5278725FE00046D18 /* zone.c */; };
/* End PBXBuildFile section */

/* Begin PBXCopyFilesBuildPhase section */
		064D480927466ED700005F27 /* CopyFiles */ = {
			isa = PBXCopyFilesBuildPhase;
			buildActionMask = 2147483647;
			dstPath = /usr/share/man/man1/;
			dstSubfolderSpec = 0;
			files = (
			);
			runOnlyForDeploymentPostprocessing = 1;
		};
/* End PBXCopyFilesBuildPhase section */

/* Begin PBXFileReference section */
		064D480B27466ED700005F27 /* rndquake */ = {isa = PBXFileReference; explicitFileType = "compiled.mach-o.executable"; includeInIndex = 0; path = rndquake; sourceTree = BUILT_PRODUCTS_DIR; };
		064D480E27466ED700005F27 /* main.cpp */ = {isa = PBXFileReference; lastKnownFileType = sourcecode.cpp.cpp; path = main.cpp; sourceTree = "<group>"; };
		064D481527466EFC00005F27 /* sources.txt */ = {isa = PBXFileReference; fileEncoding = 4; lastKnownFileType = text; path = sources.txt; sourceTree = "<group>"; };
		06B62704278725FE00046D18 /* d_copy.s */ = {isa = PBXFileReference; lastKnownFileType = sourcecode.asm; path = d_copy.s; sourceTree = "<group>"; };
		06B62705278725FE00046D18 /* keys.h */ = {isa = PBXFileReference; lastKnownFileType = sourcecode.c.h; path = keys.h; sourceTree = "<group>"; };
		06B62707278725FE00046D18 /* asm_draw.h */ = {isa = PBXFileReference; lastKnownFileType = sourcecode.c.h; path = asm_draw.h; sourceTree = "<group>"; };
		06B6271B278725FE00046D18 /* d_polyse.c */ = {isa = PBXFileReference; lastKnownFileType = sourcecode.c.c; path = d_polyse.c; sourceTree = "<group>"; };
		06B6271C278725FE00046D18 /* protocol.h */ = {isa = PBXFileReference; lastKnownFileType = sourcecode.c.h; path = protocol.h; sourceTree = "<group>"; };
		06B6271D278725FE00046D18 /* sound.h */ = {isa = PBXFileReference; lastKnownFileType = sourcecode.c.h; path = sound.h; sourceTree = "<group>"; };
		06B6271E278725FE00046D18 /* console.h */ = {isa = PBXFileReference; lastKnownFileType = sourcecode.c.h; path = console.h; sourceTree = "<group>"; };
		06B6271F278725FE00046D18 /* r_light.c */ = {isa = PBXFileReference; lastKnownFileType = sourcecode.c.c; path = r_light.c; sourceTree = "<group>"; };
		06B62720278725FE00046D18 /* d_draw.s */ = {isa = PBXFileReference; lastKnownFileType = sourcecode.asm; path = d_draw.s; sourceTree = "<group>"; };
		06B62721278725FE00046D18 /* common.c */ = {isa = PBXFileReference; lastKnownFileType = sourcecode.c.c; path = common.c; sourceTree = "<group>"; };
		06B62722278725FE00046D18 /* d_ifacea.h */ = {isa = PBXFileReference; lastKnownFileType = sourcecode.c.h; path = d_ifacea.h; sourceTree = "<group>"; };
		06B62724278725FE00046D18 /* r_misc.c */ = {isa = PBXFileReference; lastKnownFileType = sourcecode.c.c; path = r_misc.c; sourceTree = "<group>"; };
		06B62725278725FE00046D18 /* gl_vidnt.c */ = {isa = PBXFileReference; lastKnownFileType = sourcecode.c.c; path = gl_vidnt.c; sourceTree = "<group>"; };
		06B62726278725FE00046D18 /* snd_gus.c */ = {isa = PBXFileReference; lastKnownFileType = sourcecode.c.c; path = snd_gus.c; sourceTree = "<group>"; };
		06B62727278725FE00046D18 /* r_aclip.c */ = {isa = PBXFileReference; lastKnownFileType = sourcecode.c.c; path = r_aclip.c; sourceTree = "<group>"; };
		06B62728278725FE00046D18 /* gl_test.c */ = {isa = PBXFileReference; lastKnownFileType = sourcecode.c.c; path = gl_test.c; sourceTree = "<group>"; };
		06B62729278725FE00046D18 /* pr_cmds.c */ = {isa = PBXFileReference; lastKnownFileType = sourcecode.c.c; path = pr_cmds.c; sourceTree = "<group>"; };
		06B6272A278725FE00046D18 /* gl_screen.c */ = {isa = PBXFileReference; lastKnownFileType = sourcecode.c.c; path = gl_screen.c; sourceTree = "<group>"; };
		06B6272B278725FE00046D18 /* quakeasm.h */ = {isa = PBXFileReference; lastKnownFileType = sourcecode.c.h; path = quakeasm.h; sourceTree = "<group>"; };
		06B6272C278725FE00046D18 /* input.h */ = {isa = PBXFileReference; lastKnownFileType = sourcecode.c.h; path = input.h; sourceTree = "<group>"; };
		06B6272D278725FE00046D18 /* bspfile.h */ = {isa = PBXFileReference; lastKnownFileType = sourcecode.c.h; path = bspfile.h; sourceTree = "<group>"; };
		06B6272E278725FE00046D18 /* gl_model.c */ = {isa = PBXFileReference; lastKnownFileType = sourcecode.c.c; path = gl_model.c; sourceTree = "<group>"; };
		06B6272F278725FE00046D18 /* glquake.h */ = {isa = PBXFileReference; lastKnownFileType = sourcecode.c.h; path = glquake.h; sourceTree = "<group>"; };
		06B62731278725FE00046D18 /* r_bsp.c */ = {isa = PBXFileReference; lastKnownFileType = sourcecode.c.c; path = r_bsp.c; sourceTree = "<group>"; };
		06B62735278725FE00046D18 /* snd_mix.c */ = {isa = PBXFileReference; lastKnownFileType = sourcecode.c.c; path = snd_mix.c; sourceTree = "<group>"; };
		06B62736278725FE00046D18 /* zone.h */ = {isa = PBXFileReference; lastKnownFileType = sourcecode.c.h; path = zone.h; sourceTree = "<group>"; };
		06B62737278725FE00046D18 /* r_alias.c */ = {isa = PBXFileReference; lastKnownFileType = sourcecode.c.c; path = r_alias.c; sourceTree = "<group>"; };
		06B62738278725FE00046D18 /* glqnotes.txt */ = {isa = PBXFileReference; lastKnownFileType = text; path = glqnotes.txt; sourceTree = "<group>"; };
		06B62739278725FE00046D18 /* client.h */ = {isa = PBXFileReference; lastKnownFileType = sourcecode.c.h; path = client.h; sourceTree = "<group>"; };
		06B6273B278725FE00046D18 /* surf16.s */ = {isa = PBXFileReference; lastKnownFileType = sourcecode.asm; path = surf16.s; sourceTree = "<group>"; };
		06B6273C278725FE00046D18 /* snd_dma.c */ = {isa = PBXFileReference; lastKnownFileType = sourcecode.c.c; path = snd_dma.c; sourceTree = "<group>"; };
		06B6273D278725FE00046D18 /* d_local.h */ = {isa = PBXFileReference; lastKnownFileType = sourcecode.c.h; path = d_local.h; sourceTree = "<group>"; };
		06B6273F278725FE00046D18 /* vid_svgalib.c */ = {isa = PBXFileReference; lastKnownFileType = sourcecode.c.c; path = vid_svgalib.c; sourceTree = "<group>"; };
		06B62741278725FE00046D18 /* net.h */ = {isa = PBXFileReference; lastKnownFileType = sourcecode.c.h; path = net.h; sourceTree = "<group>"; };
		06B62742278725FE00046D18 /* asm_i386.h */ = {isa = PBXFileReference; lastKnownFileType = sourcecode.c.h; path = asm_i386.h; sourceTree = "<group>"; };
		06B62744278725FE00046D18 /* cl_parse.c */ = {isa = PBXFileReference; lastKnownFileType = sourcecode.c.c; path = cl_parse.c; sourceTree = "<group>"; };
		06B62746278725FE00046D18 /* d_scana.s */ = {isa = PBXFileReference; lastKnownFileType = sourcecode.asm; path = d_scana.s; sourceTree = "<group>"; };
		06B62747278725FE00046D18 /* model.c */ = {isa = PBXFileReference; lastKnownFileType = sourcecode.c.c; path = model.c; sourceTree = "<group>"; };
		06B62748278725FE00046D18 /* qe3.ico */ = {isa = PBXFileReference; lastKnownFileType = image.ico; path = qe3.ico; sourceTree = "<group>"; };
		06B62749278725FE00046D18 /* r_efrag.c */ = {isa = PBXFileReference; lastKnownFileType = sourcecode.c.c; path = r_efrag.c; sourceTree = "<group>"; };
		06B6274A278725FE00046D18 /* r_drawa.s */ = {isa = PBXFileReference; lastKnownFileType = sourcecode.asm; path = r_drawa.s; sourceTree = "<group>"; };
		06B6274C278725FE00046D18 /* mplib.c */ = {isa = PBXFileReference; lastKnownFileType = sourcecode.c.c; path = mplib.c; sourceTree = "<group>"; };
		06B6274D278725FE00046D18 /* menu.c */ = {isa = PBXFileReference; lastKnownFileType = sourcecode.c.c; path = menu.c; sourceTree = "<group>"; };
		06B6274E278725FE00046D18 /* net_udp.h */ = {isa = PBXFileReference; lastKnownFileType = sourcecode.c.h; path = net_udp.h; sourceTree = "<group>"; };
		06B6274F278725FE00046D18 /* cd_audio.c */ = {isa = PBXFileReference; lastKnownFileType = sourcecode.c.c; path = cd_audio.c; sourceTree = "<group>"; };
		06B62750278725FE00046D18 /* snd_next.c */ = {isa = PBXFileReference; lastKnownFileType = sourcecode.c.c; path = snd_next.c; sourceTree = "<group>"; };
		06B62751278725FE00046D18 /* net_ser.c */ = {isa = PBXFileReference; lastKnownFileType = sourcecode.c.c; path = net_ser.c; sourceTree = "<group>"; };
		06B62752278725FE00046D18 /* cd_win.c */ = {isa = PBXFileReference; lastKnownFileType = sourcecode.c.c; path = cd_win.c; sourceTree = "<group>"; };
		06B62754278725FE00046D18 /* d_sprite.c */ = {isa = PBXFileReference; lastKnownFileType = sourcecode.c.c; path = d_sprite.c; sourceTree = "<group>"; };
		06B62755278725FE00046D18 /* gl_mesh.c */ = {isa = PBXFileReference; lastKnownFileType = sourcecode.c.c; path = gl_mesh.c; sourceTree = "<group>"; };
		06B62757278725FE00046D18 /* nonintel.c */ = {isa = PBXFileReference; lastKnownFileType = sourcecode.c.c; path = nonintel.c; sourceTree = "<group>"; };
		06B62758278725FE00046D18 /* sv_main.c */ = {isa = PBXFileReference; lastKnownFileType = sourcecode.c.c; path = sv_main.c; sourceTree = "<group>"; };
		06B62759278725FE00046D18 /* progdefs.h */ = {isa = PBXFileReference; lastKnownFileType = sourcecode.c.h; path = progdefs.h; sourceTree = "<group>"; };
		06B6275A278725FE00046D18 /* net_wipx.c */ = {isa = PBXFileReference; lastKnownFileType = sourcecode.c.c; path = net_wipx.c; sourceTree = "<group>"; };
		06B6275C278725FE00046D18 /* d_edge.c */ = {isa = PBXFileReference; lastKnownFileType = sourcecode.c.c; path = d_edge.c; sourceTree = "<group>"; };
		06B6275F278725FE00046D18 /* net_none.c */ = {isa = PBXFileReference; lastKnownFileType = sourcecode.c.c; path = net_none.c; sourceTree = "<group>"; };
		06B62760278725FE00046D18 /* d_parta.s */ = {isa = PBXFileReference; lastKnownFileType = sourcecode.asm; path = d_parta.s; sourceTree = "<group>"; };
		06B62761278725FE00046D18 /* gl_warp_sin.h */ = {isa = PBXFileReference; lastKnownFileType = sourcecode.c.h; path = gl_warp_sin.h; sourceTree = "<group>"; };
		06B62762278725FE00046D18 /* crc.h */ = {isa = PBXFileReference; lastKnownFileType = sourcecode.c.h; path = crc.h; sourceTree = "<group>"; };
		06B62763278725FE00046D18 /* net_wins.c */ = {isa = PBXFileReference; lastKnownFileType = sourcecode.c.c; path = net_wins.c; sourceTree = "<group>"; };
		06B62765278725FE00046D18 /* screen.c */ = {isa = PBXFileReference; lastKnownFileType = sourcecode.c.c; path = screen.c; sourceTree = "<group>"; };
		06B62766278725FE00046D18 /* mathlib.h */ = {isa = PBXFileReference; lastKnownFileType = sourcecode.c.h; path = mathlib.h; sourceTree = "<group>"; };
		06B62767278725FE00046D18 /* vregset.h */ = {isa = PBXFileReference; lastKnownFileType = sourcecode.c.h; path = vregset.h; sourceTree = "<group>"; };
		06B62768278725FE00046D18 /* r_main.c */ = {isa = PBXFileReference; lastKnownFileType = sourcecode.c.c; path = r_main.c; sourceTree = "<group>"; };
		06B6276A278725FE00046D18 /* net_mp.c */ = {isa = PBXFileReference; lastKnownFileType = sourcecode.c.c; path = net_mp.c; sourceTree = "<group>"; };
		06B6276B278725FE00046D18 /* r_surf.c */ = {isa = PBXFileReference; lastKnownFileType = sourcecode.c.c; path = r_surf.c; sourceTree = "<group>"; };
		06B6276C278725FE00046D18 /* pr_edict.c */ = {isa = PBXFileReference; lastKnownFileType = sourcecode.c.c; path = pr_edict.c; sourceTree = "<group>"; };
		06B6276E278725FE00046D18 /* world.c */ = {isa = PBXFileReference; lastKnownFileType = sourcecode.c.c; path = world.c; sourceTree = "<group>"; };
		06B6276F278725FE00046D18 /* conproc.h */ = {isa = PBXFileReference; lastKnownFileType = sourcecode.c.h; path = conproc.h; sourceTree = "<group>"; };
		06B62771278725FE00046D18 /* net_vcr.h */ = {isa = PBXFileReference; lastKnownFileType = sourcecode.c.h; path = net_vcr.h; sourceTree = "<group>"; };
		06B62772278725FE00046D18 /* net_dgrm.c */ = {isa = PBXFileReference; lastKnownFileType = sourcecode.c.c; path = net_dgrm.c; sourceTree = "<group>"; };
		06B62773278725FE00046D18 /* net_loop.h */ = {isa = PBXFileReference; lastKnownFileType = sourcecode.c.h; path = net_loop.h; sourceTree = "<group>"; };
		06B62774278725FE00046D18 /* vgamodes.h */ = {isa = PBXFileReference; lastKnownFileType = sourcecode.c.h; path = vgamodes.h; sourceTree = "<group>"; };
		06B62775278725FE00046D18 /* sbar.c */ = {isa = PBXFileReference; lastKnownFileType = sourcecode.c.c; path = sbar.c; sourceTree = "<group>"; };
		06B6277C278725FE00046D18 /* net_bw.c */ = {isa = PBXFileReference; lastKnownFileType = sourcecode.c.c; path = net_bw.c; sourceTree = "<group>"; };
		06B6277D278725FE00046D18 /* d_modech.c */ = {isa = PBXFileReference; lastKnownFileType = sourcecode.c.c; path = d_modech.c; sourceTree = "<group>"; };
		06B6277E278725FE00046D18 /* progs.h */ = {isa = PBXFileReference; lastKnownFileType = sourcecode.c.h; path = progs.h; sourceTree = "<group>"; };
		06B6277F278725FE00046D18 /* vid_vga.c */ = {isa = PBXFileReference; lastKnownFileType = sourcecode.c.c; path = vid_vga.c; sourceTree = "<group>"; };
		06B62780278725FE00046D18 /* cl_input.c */ = {isa = PBXFileReference; lastKnownFileType = sourcecode.c.c; path = cl_input.c; sourceTree = "<group>"; };
		06B62781278725FE00046D18 /* draw.c */ = {isa = PBXFileReference; lastKnownFileType = sourcecode.c.c; path = draw.c; sourceTree = "<group>"; };
		06B62783278725FE00046D18 /* net_main.c */ = {isa = PBXFileReference; lastKnownFileType = sourcecode.c.c; path = net_main.c; sourceTree = "<group>"; };
		06B62784278725FE00046D18 /* d_surf.c */ = {isa = PBXFileReference; lastKnownFileType = sourcecode.c.c; path = d_surf.c; sourceTree = "<group>"; };
		06B62786278725FE00046D18 /* sv_phys.c */ = {isa = PBXFileReference; lastKnownFileType = sourcecode.c.c; path = sv_phys.c; sourceTree = "<group>"; };
		06B62787278725FE00046D18 /* view.h */ = {isa = PBXFileReference; lastKnownFileType = sourcecode.c.h; path = view.h; sourceTree = "<group>"; };
		06B62788278725FE00046D18 /* d_fill.c */ = {isa = PBXFileReference; lastKnownFileType = sourcecode.c.c; path = d_fill.c; sourceTree = "<group>"; };
		06B62789278725FE00046D18 /* wad.h */ = {isa = PBXFileReference; lastKnownFileType = sourcecode.c.h; path = wad.h; sourceTree = "<group>"; };
		06B6278A278725FE00046D18 /* net_ipx.c */ = {isa = PBXFileReference; lastKnownFileType = sourcecode.c.c; path = net_ipx.c; sourceTree = "<group>"; };
		06B6278C278725FE00046D18 /* INSTALL.Quake2 */ = {isa = PBXFileReference; lastKnownFileType = text; path = INSTALL.Quake2; sourceTree = "<group>"; };
		06B6278D278725FE00046D18 /* INSTALL */ = {isa = PBXFileReference; lastKnownFileType = text; path = INSTALL; sourceTree = "<group>"; };
		06B6278E278725FE00046D18 /* README.X11 */ = {isa = PBXFileReference; lastKnownFileType = text; path = README.X11; sourceTree = "<group>"; };
		06B6278F278725FE00046D18 /* readme.squake */ = {isa = PBXFileReference; lastKnownFileType = text; path = readme.squake; sourceTree = "<group>"; };
		06B62790278725FE00046D18 /* README */ = {isa = PBXFileReference; lastKnownFileType = text; path = README; sourceTree = "<group>"; };
		06B62791278725FE00046D18 /* INSTALL.Quake */ = {isa = PBXFileReference; lastKnownFileType = text; path = INSTALL.Quake; sourceTree = "<group>"; };
		06B62792278725FE00046D18 /* readme.glquake */ = {isa = PBXFileReference; lastKnownFileType = text; path = readme.glquake; sourceTree = "<group>"; };
		06B62793278725FE00046D18 /* INSTALL.Q2Mission */ = {isa = PBXFileReference; lastKnownFileType = text; path = INSTALL.Q2Mission; sourceTree = "<group>"; };
		06B62794278725FE00046D18 /* r_local.h */ = {isa = PBXFileReference; lastKnownFileType = sourcecode.c.h; path = r_local.h; sourceTree = "<group>"; };
		06B62795278725FE00046D18 /* r_edge.c */ = {isa = PBXFileReference; lastKnownFileType = sourcecode.c.c; path = r_edge.c; sourceTree = "<group>"; };
		06B62796278725FE00046D18 /* cvar.h */ = {isa = PBXFileReference; lastKnownFileType = sourcecode.c.h; path = cvar.h; sourceTree = "<group>"; };
		06B62797278725FE00046D18 /* d_iface.h */ = {isa = PBXFileReference; lastKnownFileType = sourcecode.c.h; path = d_iface.h; sourceTree = "<group>"; };
		06B62799278725FE00046D18 /* net_bsd.c */ = {isa = PBXFileReference; lastKnownFileType = sourcecode.c.c; path = net_bsd.c; sourceTree = "<group>"; };
		06B6279A278725FE00046D18 /* r_sky.c */ = {isa = PBXFileReference; lastKnownFileType = sourcecode.c.c; path = r_sky.c; sourceTree = "<group>"; };
		06B6279B278725FE00046D18 /* sys_null.c */ = {isa = PBXFileReference; lastKnownFileType = sourcecode.c.c; path = sys_null.c; sourceTree = "<group>"; };
		06B6279C278725FE00046D18 /* worlda.s */ = {isa = PBXFileReference; lastKnownFileType = sourcecode.asm; path = worlda.s; sourceTree = "<group>"; };
		06B6279E278725FE00046D18 /* cmd.c */ = {isa = PBXFileReference; lastKnownFileType = sourcecode.c.c; path = cmd.c; sourceTree = "<group>"; };
		06B6279F278725FE00046D18 /* net_comx.c */ = {isa = PBXFileReference; lastKnownFileType = sourcecode.c.c; path = net_comx.c; sourceTree = "<group>"; };
		06B627A0278725FE00046D18 /* pr_comp.h */ = {isa = PBXFileReference; lastKnownFileType = sourcecode.c.h; path = pr_comp.h; sourceTree = "<group>"; };
		06B627A1278725FE00046D18 /* gl_model.h */ = {isa = PBXFileReference; lastKnownFileType = sourcecode.c.h; path = gl_model.h; sourceTree = "<group>"; };
		06B627A2278725FE00046D18 /* cl_main.c */ = {isa = PBXFileReference; lastKnownFileType = sourcecode.c.c; path = cl_main.c; sourceTree = "<group>"; };
		06B627A3278725FE00046D18 /* chase.c */ = {isa = PBXFileReference; lastKnownFileType = sourcecode.c.c; path = chase.c; sourceTree = "<group>"; };
		06B627A4278725FE00046D18 /* sys_dos.c */ = {isa = PBXFileReference; lastKnownFileType = sourcecode.c.c; path = sys_dos.c; sourceTree = "<group>"; };
		06B627A5278725FE00046D18 /* zone.c */ = {isa = PBXFileReference; lastKnownFileType = sourcecode.c.c; path = zone.c; sourceTree = "<group>"; };
		06B627AE278725FE00046D18 /* progdefs.q2 */ = {isa = PBXFileReference; lastKnownFileType = text; path = progdefs.q2; sourceTree = "<group>"; };
		06B627AF278725FE00046D18 /* dosasm.s */ = {isa = PBXFileReference; lastKnownFileType = sourcecode.asm; path = dosasm.s; sourceTree = "<group>"; };
		06B627B0278725FE00046D18 /* d_polysa.s */ = {isa = PBXFileReference; lastKnownFileType = sourcecode.asm; path = d_polysa.s; sourceTree = "<group>"; };
		06B627B1278725FE00046D18 /* anorm_dots.h */ = {isa = PBXFileReference; lastKnownFileType = sourcecode.c.h; path = anorm_dots.h; sourceTree = "<group>"; };
		06B627B2278725FE00046D18 /* sys_win.c */ = {isa = PBXFileReference; lastKnownFileType = sourcecode.c.c; path = sys_win.c; sourceTree = "<group>"; };
		06B627B3278725FE00046D18 /* sv_move.c */ = {isa = PBXFileReference; lastKnownFileType = sourcecode.c.c; path = sv_move.c; sourceTree = "<group>"; };
		06B627B5278725FE00046D18 /* console.c */ = {isa = PBXFileReference; lastKnownFileType = sourcecode.c.c; path = console.c; sourceTree = "<group>"; };
		06B627B6278725FE00046D18 /* common.h */ = {isa = PBXFileReference; lastKnownFileType = sourcecode.c.h; path = common.h; sourceTree = "<group>"; };
		06B627B7278725FE00046D18 /* gl_rmisc.c */ = {isa = PBXFileReference; lastKnownFileType = sourcecode.c.c; path = gl_rmisc.c; sourceTree = "<group>"; };
		06B627B8278725FE00046D18 /* d_scan.c */ = {isa = PBXFileReference; lastKnownFileType = sourcecode.c.c; path = d_scan.c; sourceTree = "<group>"; };
		06B627B9278725FE00046D18 /* glquake2.h */ = {isa = PBXFileReference; lastKnownFileType = sourcecode.c.h; path = glquake2.h; sourceTree = "<group>"; };
		06B627BA278725FE00046D18 /* keys.c */ = {isa = PBXFileReference; lastKnownFileType = sourcecode.c.c; path = keys.c; sourceTree = "<group>"; };
		06B627BB278725FE00046D18 /* host_cmd.c */ = {isa = PBXFileReference; lastKnownFileType = sourcecode.c.c; path = host_cmd.c; sourceTree = "<group>"; };
		06B627BC278725FE00046D18 /* r_vars.c */ = {isa = PBXFileReference; lastKnownFileType = sourcecode.c.c; path = r_vars.c; sourceTree = "<group>"; };
		06B627BD278725FE00046D18 /* r_part.c */ = {isa = PBXFileReference; lastKnownFileType = sourcecode.c.c; path = r_part.c; sourceTree = "<group>"; };
		06B627BE278725FE00046D18 /* d_varsa.s */ = {isa = PBXFileReference; lastKnownFileType = sourcecode.asm; path = d_varsa.s; sourceTree = "<group>"; };
		06B627BF278725FE00046D18 /* quake.ico */ = {isa = PBXFileReference; lastKnownFileType = image.ico; path = quake.ico; sourceTree = "<group>"; };
		06B627C0278725FE00046D18 /* r_sprite.c */ = {isa = PBXFileReference; lastKnownFileType = sourcecode.c.c; path = r_sprite.c; sourceTree = "<group>"; };
		06B627C2278725FE00046D18 /* r_draw.c */ = {isa = PBXFileReference; lastKnownFileType = sourcecode.c.c; path = r_draw.c; sourceTree = "<group>"; };
		06B627C3278725FE00046D18 /* cd_null.c */ = {isa = PBXFileReference; lastKnownFileType = sourcecode.c.c; path = cd_null.c; sourceTree = "<group>"; };
		06B627C4278725FE00046D18 /* d_part.c */ = {isa = PBXFileReference; lastKnownFileType = sourcecode.c.c; path = d_part.c; sourceTree = "<group>"; };
		06B627C6278725FE00046D18 /* net_wso.c */ = {isa = PBXFileReference; lastKnownFileType = sourcecode.c.c; path = net_wso.c; sourceTree = "<group>"; };
		06B627C7278725FE00046D18 /* d_vars.c */ = {isa = PBXFileReference; lastKnownFileType = sourcecode.c.c; path = d_vars.c; sourceTree = "<group>"; };
		06B627C8278725FE00046D18 /* host.c */ = {isa = PBXFileReference; lastKnownFileType = sourcecode.c.c; path = host.c; sourceTree = "<group>"; };
		06B627CB278725FE00046D18 /* net_udp.c */ = {isa = PBXFileReference; lastKnownFileType = sourcecode.c.c; path = net_udp.c; sourceTree = "<group>"; };
		06B627CC278725FE00046D18 /* menu.h */ = {isa = PBXFileReference; lastKnownFileType = sourcecode.c.h; path = menu.h; sourceTree = "<group>"; };
		06B627CD278725FE00046D18 /* sys_wina.s */ = {isa = PBXFileReference; lastKnownFileType = sourcecode.asm; path = sys_wina.s; sourceTree = "<group>"; };
		06B627CF278725FE00046D18 /* net_ser.h */ = {isa = PBXFileReference; lastKnownFileType = sourcecode.c.h; path = net_ser.h; sourceTree = "<group>"; };
		06B627D0278725FE00046D18 /* in_win.c */ = {isa = PBXFileReference; lastKnownFileType = sourcecode.c.c; path = in_win.c; sourceTree = "<group>"; };
		06B627D2278725FE00046D18 /* winquake.h */ = {isa = PBXFileReference; lastKnownFileType = sourcecode.c.h; path = winquake.h; sourceTree = "<group>"; };
		06B627D3278725FE00046D18 /* quake.gif */ = {isa = PBXFileReference; lastKnownFileType = image.gif; path = quake.gif; sourceTree = "<group>"; };
		06B627D4278725FE00046D18 /* r_shared.h */ = {isa = PBXFileReference; lastKnownFileType = sourcecode.c.h; path = r_shared.h; sourceTree = "<group>"; };
		06B627D5278725FE00046D18 /* mpdosock.h */ = {isa = PBXFileReference; lastKnownFileType = sourcecode.c.h; path = mpdosock.h; sourceTree = "<group>"; };
		06B627D6278725FE00046D18 /* sys.h */ = {isa = PBXFileReference; lastKnownFileType = sourcecode.c.h; path = sys.h; sourceTree = "<group>"; };
		06B627D7278725FE00046D18 /* d_init.c */ = {isa = PBXFileReference; lastKnownFileType = sourcecode.c.c; path = d_init.c; sourceTree = "<group>"; };
		06B627D8278725FE00046D18 /* modelgen.h */ = {isa = PBXFileReference; lastKnownFileType = sourcecode.c.h; path = modelgen.h; sourceTree = "<group>"; };
		06B627D9278725FE00046D18 /* net_dos.c */ = {isa = PBXFileReference; lastKnownFileType = sourcecode.c.c; path = net_dos.c; sourceTree = "<group>"; };
		06B627DA278725FE00046D18 /* model.h */ = {isa = PBXFileReference; lastKnownFileType = sourcecode.c.h; path = model.h; sourceTree = "<group>"; };
		06B627DB278725FE00046D18 /* math.s */ = {isa = PBXFileReference; lastKnownFileType = sourcecode.asm; path = math.s; sourceTree = "<group>"; };
		06B627DC278725FE00046D18 /* d_draw16.s */ = {isa = PBXFileReference; lastKnownFileType = sourcecode.asm; path = d_draw16.s; sourceTree = "<group>"; };
		06B627DD278725FE00046D18 /* snd_null.c */ = {isa = PBXFileReference; lastKnownFileType = sourcecode.c.c; path = snd_null.c; sourceTree = "<group>"; };
		06B627DE278725FE00046D18 /* in_dos.c */ = {isa = PBXFileReference; lastKnownFileType = sourcecode.c.c; path = in_dos.c; sourceTree = "<group>"; };
		06B627E9278725FE00046D18 /* net_win.c */ = {isa = PBXFileReference; lastKnownFileType = sourcecode.c.c; path = net_win.c; sourceTree = "<group>"; };
		06B627EA278725FE00046D18 /* in_null.c */ = {isa = PBXFileReference; lastKnownFileType = sourcecode.c.c; path = in_null.c; sourceTree = "<group>"; };
		06B627EC278725FE00046D18 /* gl_draw.c */ = {isa = PBXFileReference; lastKnownFileType = sourcecode.c.c; path = gl_draw.c; sourceTree = "<group>"; };
		06B627ED278725FE00046D18 /* quakedef.h */ = {isa = PBXFileReference; lastKnownFileType = sourcecode.c.h; path = quakedef.h; sourceTree = "<group>"; };
		06B627EE278725FE00046D18 /* conproc.c */ = {isa = PBXFileReference; lastKnownFileType = sourcecode.c.c; path = conproc.c; sourceTree = "<group>"; };
		06B627EF278725FE00046D18 /* world.h */ = {isa = PBXFileReference; lastKnownFileType = sourcecode.c.h; path = world.h; sourceTree = "<group>"; };
		06B627F0278725FE00046D18 /* sbar.h */ = {isa = PBXFileReference; lastKnownFileType = sourcecode.c.h; path = sbar.h; sourceTree = "<group>"; };
		06B627F1278725FE00046D18 /* net_loop.c */ = {isa = PBXFileReference; lastKnownFileType = sourcecode.c.c; path = net_loop.c; sourceTree = "<group>"; };
		06B627F2278725FE00046D18 /* gl_refrag.c */ = {isa = PBXFileReference; lastKnownFileType = sourcecode.c.c; path = gl_refrag.c; sourceTree = "<group>"; };
		06B627F3278725FE00046D18 /* net_dgrm.h */ = {isa = PBXFileReference; lastKnownFileType = sourcecode.c.h; path = net_dgrm.h; sourceTree = "<group>"; };
		06B627F4278725FE00046D18 /* net_vcr.c */ = {isa = PBXFileReference; lastKnownFileType = sourcecode.c.c; path = net_vcr.c; sourceTree = "<group>"; };
		06B627F5278725FE00046D18 /* vregset.c */ = {isa = PBXFileReference; lastKnownFileType = sourcecode.c.c; path = vregset.c; sourceTree = "<group>"; };
		06B627F6278725FE00046D18 /* mathlib.c */ = {isa = PBXFileReference; lastKnownFileType = sourcecode.c.c; path = mathlib.c; sourceTree = "<group>"; };
		06B627F7278725FE00046D18 /* screen.h */ = {isa = PBXFileReference; lastKnownFileType = sourcecode.c.h; path = screen.h; sourceTree = "<group>"; };
		06B627F8278725FE00046D18 /* mplpc.c */ = {isa = PBXFileReference; lastKnownFileType = sourcecode.c.c; path = mplpc.c; sourceTree = "<group>"; };
		06B627F9278725FE00046D18 /* net_mp.h */ = {isa = PBXFileReference; lastKnownFileType = sourcecode.c.h; path = net_mp.h; sourceTree = "<group>"; };
		06B627FA278725FE00046D18 /* r_varsa.s */ = {isa = PBXFileReference; lastKnownFileType = sourcecode.asm; path = r_varsa.s; sourceTree = "<group>"; };
		06B627FB278725FE00046D18 /* pr_exec.c */ = {isa = PBXFileReference; lastKnownFileType = sourcecode.c.c; path = pr_exec.c; sourceTree = "<group>"; };
		06B627FC278725FE00046D18 /* anorms.h */ = {isa = PBXFileReference; lastKnownFileType = sourcecode.c.h; path = anorms.h; sourceTree = "<group>"; };
		06B627FD278725FE00046D18 /* gl_rsurf.c */ = {isa = PBXFileReference; lastKnownFileType = sourcecode.c.c; path = gl_rsurf.c; sourceTree = "<group>"; };
		06B627FE278725FE00046D18 /* cdaudio.h */ = {isa = PBXFileReference; lastKnownFileType = sourcecode.c.h; path = cdaudio.h; sourceTree = "<group>"; };
		06B627FF278725FE00046D18 /* d_sky.c */ = {isa = PBXFileReference; lastKnownFileType = sourcecode.c.c; path = d_sky.c; sourceTree = "<group>"; };
		06B62801278725FE00046D18 /* crc.c */ = {isa = PBXFileReference; lastKnownFileType = sourcecode.c.c; path = crc.c; sourceTree = "<group>"; };
		06B62802278725FE00046D18 /* gl_rmain.c */ = {isa = PBXFileReference; lastKnownFileType = sourcecode.c.c; path = gl_rmain.c; sourceTree = "<group>"; };
		06B62803278725FE00046D18 /* vid_ext.c */ = {isa = PBXFileReference; lastKnownFileType = sourcecode.c.c; path = vid_ext.c; sourceTree = "<group>"; };
		06B62804278725FE00046D18 /* net_wins.h */ = {isa = PBXFileReference; lastKnownFileType = sourcecode.c.h; path = net_wins.h; sourceTree = "<group>"; };
		06B62805278725FE00046D18 /* snd_win.c */ = {isa = PBXFileReference; lastKnownFileType = sourcecode.c.c; path = snd_win.c; sourceTree = "<group>"; };
		06B62806278725FE00046D18 /* net_wipx.h */ = {isa = PBXFileReference; lastKnownFileType = sourcecode.c.h; path = net_wipx.h; sourceTree = "<group>"; };
		06B62807278725FE00046D18 /* r_aclipa.s */ = {isa = PBXFileReference; lastKnownFileType = sourcecode.asm; path = r_aclipa.s; sourceTree = "<group>"; };
		06B62808278725FE00046D18 /* snd_dos.c */ = {isa = PBXFileReference; lastKnownFileType = sourcecode.c.c; path = snd_dos.c; sourceTree = "<group>"; };
		06B62809278725FE00046D18 /* snd_mixa.s */ = {isa = PBXFileReference; lastKnownFileType = sourcecode.asm; path = snd_mixa.s; sourceTree = "<group>"; };
		06B6280B278725FE00046D18 /* cl_demo.c */ = {isa = PBXFileReference; lastKnownFileType = sourcecode.c.c; path = cl_demo.c; sourceTree = "<group>"; };
		06B6280D278725FE00046D18 /* LICINFO.TXT */ = {isa = PBXFileReference; lastKnownFileType = text; path = LICINFO.TXT; sourceTree = "<group>"; };
		06B6280E278725FE00046D18 /* RLICNSE.TXT */ = {isa = PBXFileReference; lastKnownFileType = text; path = RLICNSE.TXT; sourceTree = "<group>"; };
		06B6280F278725FE00046D18 /* COMEXP.TXT */ = {isa = PBXFileReference; lastKnownFileType = text; path = COMEXP.TXT; sourceTree = "<group>"; };
		06B62810278725FE00046D18 /* SLICNSE.TXT */ = {isa = PBXFileReference; lastKnownFileType = text; path = SLICNSE.TXT; sourceTree = "<group>"; };
		06B62811278725FE00046D18 /* TECHINFO.TXT */ = {isa = PBXFileReference; lastKnownFileType = text; path = TECHINFO.TXT; sourceTree = "<group>"; };
		06B62812278725FE00046D18 /* ORDER.TXT */ = {isa = PBXFileReference; lastKnownFileType = text; path = ORDER.TXT; sourceTree = "<group>"; };
		06B62813278725FE00046D18 /* README.TXT */ = {isa = PBXFileReference; lastKnownFileType = text; path = README.TXT; sourceTree = "<group>"; };
		06B62814278725FE00046D18 /* HELP.TXT */ = {isa = PBXFileReference; lastKnownFileType = text; path = HELP.TXT; sourceTree = "<group>"; };
		06B62815278725FE00046D18 /* MANUAL.TXT */ = {isa = PBXFileReference; lastKnownFileType = text; path = MANUAL.TXT; sourceTree = "<group>"; };
		06B62816278725FE00046D18 /* cvar.c */ = {isa = PBXFileReference; lastKnownFileType = sourcecode.c.c; path = cvar.c; sourceTree = "<group>"; };
		06B62817278725FE00046D18 /* 3dfx.txt */ = {isa = PBXFileReference; lastKnownFileType = text; path = 3dfx.txt; sourceTree = "<group>"; };
		06B62818278725FE00046D18 /* r_aliasa.s */ = {isa = PBXFileReference; lastKnownFileType = sourcecode.asm; path = r_aliasa.s; sourceTree = "<group>"; };
		06B62819278725FE00046D18 /* server.h */ = {isa = PBXFileReference; lastKnownFileType = sourcecode.c.h; path = server.h; sourceTree = "<group>"; };
		06B6281A278725FE00046D18 /* gl_rlight.c */ = {isa = PBXFileReference; lastKnownFileType = sourcecode.c.c; path = gl_rlight.c; sourceTree = "<group>"; };
		06B6281B278725FE00046D18 /* sys_wind.c */ = {isa = PBXFileReference; lastKnownFileType = sourcecode.c.c; path = sys_wind.c; sourceTree = "<group>"; };
		06B6281C278725FE00046D18 /* cmd.h */ = {isa = PBXFileReference; lastKnownFileType = sourcecode.c.h; path = cmd.h; sourceTree = "<group>"; };
		06B6281E278725FE00046D18 /* snd_mem.c */ = {isa = PBXFileReference; lastKnownFileType = sourcecode.c.c; path = snd_mem.c; sourceTree = "<group>"; };
		06B6281F278725FE00046D18 /* sv_user.c */ = {isa = PBXFileReference; lastKnownFileType = sourcecode.c.c; path = sv_user.c; sourceTree = "<group>"; };
		06B62820278725FE00046D18 /* spritegn.h */ = {isa = PBXFileReference; lastKnownFileType = sourcecode.c.h; path = spritegn.h; sourceTree = "<group>"; };
		06B62821278725FE00046D18 /* wad.c */ = {isa = PBXFileReference; lastKnownFileType = sourcecode.c.c; path = wad.c; sourceTree = "<group>"; };
		06B62822278725FE00046D18 /* view.c */ = {isa = PBXFileReference; lastKnownFileType = sourcecode.c.c; path = view.c; sourceTree = "<group>"; };
		06B62823278725FE00046D18 /* vid.h */ = {isa = PBXFileReference; lastKnownFileType = sourcecode.c.h; path = vid.h; sourceTree = "<group>"; };
		06B62824278725FE00046D18 /* d_spr8.s */ = {isa = PBXFileReference; lastKnownFileType = sourcecode.asm; path = d_spr8.s; sourceTree = "<group>"; };
		06B62826278725FE00046D18 /* wqreadme.txt */ = {isa = PBXFileReference; lastKnownFileType = text; path = wqreadme.txt; sourceTree = "<group>"; };
		06B62827278725FE00046D18 /* r_edgea.s */ = {isa = PBXFileReference; lastKnownFileType = sourcecode.asm; path = r_edgea.s; sourceTree = "<group>"; };
		06B62828278725FE00046D18 /* net_ipx.h */ = {isa = PBXFileReference; lastKnownFileType = sourcecode.c.h; path = net_ipx.h; sourceTree = "<group>"; };
		06B62829278725FE00046D18 /* vid_win.c */ = {isa = PBXFileReference; lastKnownFileType = sourcecode.c.c; path = vid_win.c; sourceTree = "<group>"; };
		06B6282D278725FE00046D18 /* d_zpoint.c */ = {isa = PBXFileReference; lastKnownFileType = sourcecode.c.c; path = d_zpoint.c; sourceTree = "<group>"; };
		06B6282E278725FE00046D18 /* gl_warp.c */ = {isa = PBXFileReference; lastKnownFileType = sourcecode.c.c; path = gl_warp.c; sourceTree = "<group>"; };
		06B6282F278725FE00046D18 /* draw.h */ = {isa = PBXFileReference; lastKnownFileType = sourcecode.c.h; path = draw.h; sourceTree = "<group>"; };
		06B62830278725FE00046D18 /* surf8.s */ = {isa = PBXFileReference; lastKnownFileType = sourcecode.asm; path = surf8.s; sourceTree = "<group>"; };
		06B62831278725FE00046D18 /* render.h */ = {isa = PBXFileReference; lastKnownFileType = sourcecode.c.h; path = render.h; sourceTree = "<group>"; };
		06B62832278725FE00046D18 /* vid_null.c */ = {isa = PBXFileReference; lastKnownFileType = sourcecode.c.c; path = vid_null.c; sourceTree = "<group>"; };
		06B62833278725FE00046D18 /* cl_tent.c */ = {isa = PBXFileReference; lastKnownFileType = sourcecode.c.c; path = cl_tent.c; sourceTree = "<group>"; };
		06B62835278725FE00046D18 /* sys_dosa.s */ = {isa = PBXFileReference; lastKnownFileType = sourcecode.asm; path = sys_dosa.s; sourceTree = "<group>"; };
		06B62836278725FE00046D18 /* net_bw.h */ = {isa = PBXFileReference; lastKnownFileType = sourcecode.c.h; path = net_bw.h; sourceTree = "<group>"; };
/* End PBXFileReference section */

/* Begin PBXFrameworksBuildPhase section */
		064D480827466ED700005F27 /* Frameworks */ = {
			isa = PBXFrameworksBuildPhase;
			buildActionMask = 2147483647;
			files = (
			);
			runOnlyForDeploymentPostprocessing = 0;
		};
/* End PBXFrameworksBuildPhase section */

/* Begin PBXGroup section */
		064D480227466ED700005F27 = {
			isa = PBXGroup;
			children = (
				06B62702278725FE00046D18 /* WinQuake */,
				064D480D27466ED700005F27 /* rndquake */,
				064D480C27466ED700005F27 /* Products */,
			);
			sourceTree = "<group>";
		};
		064D480C27466ED700005F27 /* Products */ = {
			isa = PBXGroup;
			children = (
				064D480B27466ED700005F27 /* rndquake */,
			);
			name = Products;
			sourceTree = "<group>";
		};
		064D480D27466ED700005F27 /* rndquake */ = {
			isa = PBXGroup;
			children = (
				06B62736278725FE00046D18 /* zone.h */,
				06B627A5278725FE00046D18 /* zone.c */,
				064D480E27466ED700005F27 /* main.cpp */,
			);
			path = rndquake;
			sourceTree = "<group>";
		};
		06B62702278725FE00046D18 /* WinQuake */ = {
			isa = PBXGroup;
			children = (
				06B6278B278725FE00046D18 /* docs */,
				06B628392787277700046D18 /* resources */,
				06B62838278726DC00046D18 /* assembler */,
				06B628372787269000046D18 /* sources */,
				06B627AE278725FE00046D18 /* progdefs.q2 */,
				06B6280C278725FE00046D18 /* data */,
			);
			path = WinQuake;
			sourceTree = "<group>";
		};
		06B6278B278725FE00046D18 /* docs */ = {
			isa = PBXGroup;
			children = (
				064D481527466EFC00005F27 /* sources.txt */,
				06B62738278725FE00046D18 /* glqnotes.txt */,
				06B62817278725FE00046D18 /* 3dfx.txt */,
				06B62826278725FE00046D18 /* wqreadme.txt */,
				06B6278C278725FE00046D18 /* INSTALL.Quake2 */,
				06B6278D278725FE00046D18 /* INSTALL */,
				06B6278E278725FE00046D18 /* README.X11 */,
				06B6278F278725FE00046D18 /* readme.squake */,
				06B62790278725FE00046D18 /* README */,
				06B62791278725FE00046D18 /* INSTALL.Quake */,
				06B62792278725FE00046D18 /* readme.glquake */,
				06B62793278725FE00046D18 /* INSTALL.Q2Mission */,
			);
			path = docs;
			sourceTree = "<group>";
		};
		06B6280C278725FE00046D18 /* data */ = {
			isa = PBXGroup;
			children = (
				06B6280D278725FE00046D18 /* LICINFO.TXT */,
				06B6280E278725FE00046D18 /* RLICNSE.TXT */,
				06B6280F278725FE00046D18 /* COMEXP.TXT */,
				06B62810278725FE00046D18 /* SLICNSE.TXT */,
				06B62811278725FE00046D18 /* TECHINFO.TXT */,
				06B62812278725FE00046D18 /* ORDER.TXT */,
				06B62813278725FE00046D18 /* README.TXT */,
				06B62814278725FE00046D18 /* HELP.TXT */,
				06B62815278725FE00046D18 /* MANUAL.TXT */,
			);
			path = data;
			sourceTree = "<group>";
		};
		06B628372787269000046D18 /* sources */ = {
			isa = PBXGroup;
			children = (
				06B6293C278733A800046D18 /* render */,
				06B6293B2787339400046D18 /* network */,
				06B6293A2787338700046D18 /* sound */,
				06B629392787336000046D18 /* main */,
				06B6293D2787357E00046D18 /* misc */,
				06B6293E278735C400046D18 /* memory */,
				06B6273F278725FE00046D18 /* vid_svgalib.c */,
				06B6277F278725FE00046D18 /* vid_vga.c */,
				06B62803278725FE00046D18 /* vid_ext.c */,
				06B62829278725FE00046D18 /* vid_win.c */,
				06B62832278725FE00046D18 /* vid_null.c */,
				06B62705278725FE00046D18 /* keys.h */,
				06B62707278725FE00046D18 /* asm_draw.h */,
				06B6272B278725FE00046D18 /* quakeasm.h */,
				06B6271C278725FE00046D18 /* protocol.h */,
				06B6271E278725FE00046D18 /* console.h */,
				06B6272C278725FE00046D18 /* input.h */,
				06B6272D278725FE00046D18 /* bspfile.h */,
				06B62742278725FE00046D18 /* asm_i386.h */,
				06B62759278725FE00046D18 /* progdefs.h */,
				06B62767278725FE00046D18 /* vregset.h */,
				06B6276F278725FE00046D18 /* conproc.h */,
				06B62774278725FE00046D18 /* vgamodes.h */,
				06B6277E278725FE00046D18 /* progs.h */,
				06B62819278725FE00046D18 /* server.h */,
				06B62787278725FE00046D18 /* view.h */,
				06B62789278725FE00046D18 /* wad.h */,
				06B62796278725FE00046D18 /* cvar.h */,
				06B627A0278725FE00046D18 /* pr_comp.h */,
				06B627B1278725FE00046D18 /* anorm_dots.h */,
				06B627B6278725FE00046D18 /* common.h */,
				06B627B9278725FE00046D18 /* glquake2.h */,
				06B627CC278725FE00046D18 /* menu.h */,
				06B627D2278725FE00046D18 /* winquake.h */,
				06B627D5278725FE00046D18 /* mpdosock.h */,
				06B627D6278725FE00046D18 /* sys.h */,
				06B627D8278725FE00046D18 /* modelgen.h */,
				06B627DA278725FE00046D18 /* model.h */,
				06B627ED278725FE00046D18 /* quakedef.h */,
				06B627EF278725FE00046D18 /* world.h */,
				06B627F0278725FE00046D18 /* sbar.h */,
				06B627F7278725FE00046D18 /* screen.h */,
				06B627FC278725FE00046D18 /* anorms.h */,
				06B6281C278725FE00046D18 /* cmd.h */,
				06B62820278725FE00046D18 /* spritegn.h */,
				06B62823278725FE00046D18 /* vid.h */,
				06B62721278725FE00046D18 /* common.c */,
				06B62729278725FE00046D18 /* pr_cmds.c */,
				06B62747278725FE00046D18 /* model.c */,
				06B6274C278725FE00046D18 /* mplib.c */,
				06B6274D278725FE00046D18 /* menu.c */,
				06B62757278725FE00046D18 /* nonintel.c */,
				06B62758278725FE00046D18 /* sv_main.c */,
				06B62765278725FE00046D18 /* screen.c */,
				06B6276C278725FE00046D18 /* pr_edict.c */,
				06B6276E278725FE00046D18 /* world.c */,
				06B62775278725FE00046D18 /* sbar.c */,
				06B62781278725FE00046D18 /* draw.c */,
				06B62786278725FE00046D18 /* sv_phys.c */,
				06B6279E278725FE00046D18 /* cmd.c */,
				06B627A3278725FE00046D18 /* chase.c */,
				06B627B3278725FE00046D18 /* sv_move.c */,
				06B627B5278725FE00046D18 /* console.c */,
				06B627BA278725FE00046D18 /* keys.c */,
				06B627BB278725FE00046D18 /* host_cmd.c */,
				06B627C8278725FE00046D18 /* host.c */,
				06B627D0278725FE00046D18 /* in_win.c */,
				06B627DE278725FE00046D18 /* in_dos.c */,
				06B627EA278725FE00046D18 /* in_null.c */,
				06B627EE278725FE00046D18 /* conproc.c */,
				06B627F5278725FE00046D18 /* vregset.c */,
				06B627F8278725FE00046D18 /* mplpc.c */,
				06B627FB278725FE00046D18 /* pr_exec.c */,
				06B62816278725FE00046D18 /* cvar.c */,
				06B6281F278725FE00046D18 /* sv_user.c */,
				06B62821278725FE00046D18 /* wad.c */,
				06B62822278725FE00046D18 /* view.c */,
			);
			path = sources;
			sourceTree = "<group>";
		};
		06B62838278726DC00046D18 /* assembler */ = {
			isa = PBXGroup;
			children = (
				06B6279C278725FE00046D18 /* worlda.s */,
				06B627AF278725FE00046D18 /* dosasm.s */,
				06B627B0278725FE00046D18 /* d_polysa.s */,
				06B627BE278725FE00046D18 /* d_varsa.s */,
				06B627CD278725FE00046D18 /* sys_wina.s */,
				06B627DB278725FE00046D18 /* math.s */,
				06B627DC278725FE00046D18 /* d_draw16.s */,
				06B627FA278725FE00046D18 /* r_varsa.s */,
				06B62807278725FE00046D18 /* r_aclipa.s */,
				06B62809278725FE00046D18 /* snd_mixa.s */,
				06B62818278725FE00046D18 /* r_aliasa.s */,
				06B62824278725FE00046D18 /* d_spr8.s */,
				06B62827278725FE00046D18 /* r_edgea.s */,
				06B62830278725FE00046D18 /* surf8.s */,
				06B62835278725FE00046D18 /* sys_dosa.s */,
				06B62704278725FE00046D18 /* d_copy.s */,
				06B62720278725FE00046D18 /* d_draw.s */,
				06B6273B278725FE00046D18 /* surf16.s */,
				06B62746278725FE00046D18 /* d_scana.s */,
				06B6274A278725FE00046D18 /* r_drawa.s */,
				06B62760278725FE00046D18 /* d_parta.s */,
			);
			path = assembler;
			sourceTree = "<group>";
		};
		06B628392787277700046D18 /* resources */ = {
			isa = PBXGroup;
			children = (
				06B62748278725FE00046D18 /* qe3.ico */,
				06B627BF278725FE00046D18 /* quake.ico */,
				06B627D3278725FE00046D18 /* quake.gif */,
			);
			path = resources;
			sourceTree = "<group>";
		};
		06B629392787336000046D18 /* main */ = {
			isa = PBXGroup;
			children = (
				06B6279B278725FE00046D18 /* sys_null.c */,
				06B627A4278725FE00046D18 /* sys_dos.c */,
				06B627B2278725FE00046D18 /* sys_win.c */,
				06B6281B278725FE00046D18 /* sys_wind.c */,
			);
			path = main;
			sourceTree = "<group>";
		};
		06B6293A2787338700046D18 /* sound */ = {
			isa = PBXGroup;
			children = (
				06B627FE278725FE00046D18 /* cdaudio.h */,
				06B6271D278725FE00046D18 /* sound.h */,
				06B62726278725FE00046D18 /* snd_gus.c */,
				06B62735278725FE00046D18 /* snd_mix.c */,
				06B6273C278725FE00046D18 /* snd_dma.c */,
				06B62750278725FE00046D18 /* snd_next.c */,
				06B627DD278725FE00046D18 /* snd_null.c */,
				06B62805278725FE00046D18 /* snd_win.c */,
				06B62808278725FE00046D18 /* snd_dos.c */,
				06B6281E278725FE00046D18 /* snd_mem.c */,
				06B6274F278725FE00046D18 /* cd_audio.c */,
				06B62752278725FE00046D18 /* cd_win.c */,
				06B627C3278725FE00046D18 /* cd_null.c */,
			);
			path = sound;
			sourceTree = "<group>";
		};
		06B6293B2787339400046D18 /* network */ = {
			isa = PBXGroup;
			children = (
				06B62739278725FE00046D18 /* client.h */,
				06B62741278725FE00046D18 /* net.h */,
				06B62744278725FE00046D18 /* cl_parse.c */,
				06B62780278725FE00046D18 /* cl_input.c */,
				06B627A2278725FE00046D18 /* cl_main.c */,
				06B6280B278725FE00046D18 /* cl_demo.c */,
				06B62833278725FE00046D18 /* cl_tent.c */,
				06B6274E278725FE00046D18 /* net_udp.h */,
				06B62771278725FE00046D18 /* net_vcr.h */,
				06B62773278725FE00046D18 /* net_loop.h */,
				06B627CF278725FE00046D18 /* net_ser.h */,
				06B627F3278725FE00046D18 /* net_dgrm.h */,
				06B627F9278725FE00046D18 /* net_mp.h */,
				06B62804278725FE00046D18 /* net_wins.h */,
				06B62806278725FE00046D18 /* net_wipx.h */,
				06B62828278725FE00046D18 /* net_ipx.h */,
				06B62836278725FE00046D18 /* net_bw.h */,
				06B62751278725FE00046D18 /* net_ser.c */,
				06B6275A278725FE00046D18 /* net_wipx.c */,
				06B6275F278725FE00046D18 /* net_none.c */,
				06B62763278725FE00046D18 /* net_wins.c */,
				06B6276A278725FE00046D18 /* net_mp.c */,
				06B62772278725FE00046D18 /* net_dgrm.c */,
				06B6277C278725FE00046D18 /* net_bw.c */,
				06B62783278725FE00046D18 /* net_main.c */,
				06B6278A278725FE00046D18 /* net_ipx.c */,
				06B62799278725FE00046D18 /* net_bsd.c */,
				06B6279F278725FE00046D18 /* net_comx.c */,
				06B627C6278725FE00046D18 /* net_wso.c */,
				06B627CB278725FE00046D18 /* net_udp.c */,
				06B627D9278725FE00046D18 /* net_dos.c */,
				06B627E9278725FE00046D18 /* net_win.c */,
				06B627F1278725FE00046D18 /* net_loop.c */,
				06B627F4278725FE00046D18 /* net_vcr.c */,
			);
			path = network;
			sourceTree = "<group>";
		};
		06B6293C278733A800046D18 /* render */ = {
			isa = PBXGroup;
			children = (
				06B6282F278725FE00046D18 /* draw.h */,
				06B62831278725FE00046D18 /* render.h */,
				06B6272F278725FE00046D18 /* glquake.h */,
				06B62794278725FE00046D18 /* r_local.h */,
				06B627D4278725FE00046D18 /* r_shared.h */,
				06B6271F278725FE00046D18 /* r_light.c */,
				06B62724278725FE00046D18 /* r_misc.c */,
				06B62727278725FE00046D18 /* r_aclip.c */,
				06B62731278725FE00046D18 /* r_bsp.c */,
				06B62737278725FE00046D18 /* r_alias.c */,
				06B62749278725FE00046D18 /* r_efrag.c */,
				06B62768278725FE00046D18 /* r_main.c */,
				06B6276B278725FE00046D18 /* r_surf.c */,
				06B62795278725FE00046D18 /* r_edge.c */,
				06B6279A278725FE00046D18 /* r_sky.c */,
				06B627BC278725FE00046D18 /* r_vars.c */,
				06B627BD278725FE00046D18 /* r_part.c */,
				06B627C0278725FE00046D18 /* r_sprite.c */,
				06B627C2278725FE00046D18 /* r_draw.c */,
				06B62722278725FE00046D18 /* d_ifacea.h */,
				06B6273D278725FE00046D18 /* d_local.h */,
				06B62797278725FE00046D18 /* d_iface.h */,
				06B6271B278725FE00046D18 /* d_polyse.c */,
				06B62754278725FE00046D18 /* d_sprite.c */,
				06B6275C278725FE00046D18 /* d_edge.c */,
				06B6277D278725FE00046D18 /* d_modech.c */,
				06B62784278725FE00046D18 /* d_surf.c */,
				06B62788278725FE00046D18 /* d_fill.c */,
				06B627B8278725FE00046D18 /* d_scan.c */,
				06B627C4278725FE00046D18 /* d_part.c */,
				06B627C7278725FE00046D18 /* d_vars.c */,
				06B627D7278725FE00046D18 /* d_init.c */,
				06B627FF278725FE00046D18 /* d_sky.c */,
				06B6282D278725FE00046D18 /* d_zpoint.c */,
				06B62761278725FE00046D18 /* gl_warp_sin.h */,
				06B627A1278725FE00046D18 /* gl_model.h */,
				06B62725278725FE00046D18 /* gl_vidnt.c */,
				06B62728278725FE00046D18 /* gl_test.c */,
				06B6272A278725FE00046D18 /* gl_screen.c */,
				06B6272E278725FE00046D18 /* gl_model.c */,
				06B62755278725FE00046D18 /* gl_mesh.c */,
				06B627B7278725FE00046D18 /* gl_rmisc.c */,
				06B627EC278725FE00046D18 /* gl_draw.c */,
				06B627F2278725FE00046D18 /* gl_refrag.c */,
				06B627FD278725FE00046D18 /* gl_rsurf.c */,
				06B62802278725FE00046D18 /* gl_rmain.c */,
				06B6281A278725FE00046D18 /* gl_rlight.c */,
				06B6282E278725FE00046D18 /* gl_warp.c */,
			);
			path = render;
			sourceTree = "<group>";
		};
		06B6293D2787357E00046D18 /* misc */ = {
			isa = PBXGroup;
			children = (
				06B62762278725FE00046D18 /* crc.h */,
				06B62801278725FE00046D18 /* crc.c */,
				06B62766278725FE00046D18 /* mathlib.h */,
				06B627F6278725FE00046D18 /* mathlib.c */,
			);
			path = misc;
			sourceTree = "<group>";
		};
		06B6293E278735C400046D18 /* memory */ = {
			isa = PBXGroup;
			children = (
			);
			path = memory;
			sourceTree = "<group>";
		};
/* End PBXGroup section */

/* Begin PBXNativeTarget section */
		064D480A27466ED700005F27 /* rndquake */ = {
			isa = PBXNativeTarget;
			buildConfigurationList = 064D481227466ED700005F27 /* Build configuration list for PBXNativeTarget "rndquake" */;
			buildPhases = (
				064D480727466ED700005F27 /* Sources */,
				064D480827466ED700005F27 /* Frameworks */,
				064D480927466ED700005F27 /* CopyFiles */,
			);
			buildRules = (
			);
			dependencies = (
			);
			name = rndquake;
			productName = rndquake;
			productReference = 064D480B27466ED700005F27 /* rndquake */;
			productType = "com.apple.product-type.tool";
		};
/* End PBXNativeTarget section */

/* Begin PBXProject section */
		064D480327466ED700005F27 /* Project object */ = {
			isa = PBXProject;
			attributes = {
				LastUpgradeCheck = 1250;
				TargetAttributes = {
					064D480A27466ED700005F27 = {
						CreatedOnToolsVersion = 12.5.1;
					};
				};
			};
			buildConfigurationList = 064D480627466ED700005F27 /* Build configuration list for PBXProject "rndquake" */;
			compatibilityVersion = "Xcode 9.3";
			developmentRegion = en;
			hasScannedForEncodings = 0;
			knownRegions = (
				en,
				Base,
			);
			mainGroup = 064D480227466ED700005F27;
			productRefGroup = 064D480C27466ED700005F27 /* Products */;
			projectDirPath = "";
			projectRoot = "";
			targets = (
				064D480A27466ED700005F27 /* rndquake */,
			);
		};
/* End PBXProject section */

/* Begin PBXSourcesBuildPhase section */
		064D480727466ED700005F27 /* Sources */ = {
			isa = PBXSourcesBuildPhase;
			buildActionMask = 2147483647;
			files = (
				064D480F27466ED700005F27 /* main.cpp in Sources */,
				06B6293F2787A8DF00046D18 /* zone.c in Sources */,
			);
			runOnlyForDeploymentPostprocessing = 0;
		};
/* End PBXSourcesBuildPhase section */

/* Begin XCBuildConfiguration section */
		064D481027466ED700005F27 /* Debug */ = {
			isa = XCBuildConfiguration;
			buildSettings = {
				ALWAYS_SEARCH_USER_PATHS = NO;
				CLANG_ANALYZER_NONNULL = YES;
				CLANG_ANALYZER_NUMBER_OBJECT_CONVERSION = YES_AGGRESSIVE;
				CLANG_CXX_LANGUAGE_STANDARD = "gnu++14";
				CLANG_CXX_LIBRARY = "libc++";
				CLANG_ENABLE_MODULES = YES;
				CLANG_ENABLE_OBJC_ARC = YES;
				CLANG_ENABLE_OBJC_WEAK = YES;
				CLANG_WARN_BLOCK_CAPTURE_AUTORELEASING = YES;
				CLANG_WARN_BOOL_CONVERSION = YES;
				CLANG_WARN_COMMA = YES;
				CLANG_WARN_CONSTANT_CONVERSION = YES;
				CLANG_WARN_DEPRECATED_OBJC_IMPLEMENTATIONS = YES;
				CLANG_WARN_DIRECT_OBJC_ISA_USAGE = YES_ERROR;
				CLANG_WARN_DOCUMENTATION_COMMENTS = YES;
				CLANG_WARN_EMPTY_BODY = YES;
				CLANG_WARN_ENUM_CONVERSION = YES;
				CLANG_WARN_INFINITE_RECURSION = YES;
				CLANG_WARN_INT_CONVERSION = YES;
				CLANG_WARN_NON_LITERAL_NULL_CONVERSION = YES;
				CLANG_WARN_OBJC_IMPLICIT_RETAIN_SELF = YES;
				CLANG_WARN_OBJC_LITERAL_CONVERSION = YES;
				CLANG_WARN_OBJC_ROOT_CLASS = YES_ERROR;
				CLANG_WARN_QUOTED_INCLUDE_IN_FRAMEWORK_HEADER = YES;
				CLANG_WARN_RANGE_LOOP_ANALYSIS = YES;
				CLANG_WARN_STRICT_PROTOTYPES = YES;
				CLANG_WARN_SUSPICIOUS_MOVE = YES;
				CLANG_WARN_UNGUARDED_AVAILABILITY = YES_AGGRESSIVE;
				CLANG_WARN_UNREACHABLE_CODE = YES;
				CLANG_WARN__DUPLICATE_METHOD_MATCH = YES;
				COPY_PHASE_STRIP = NO;
				DEBUG_INFORMATION_FORMAT = dwarf;
				ENABLE_STRICT_OBJC_MSGSEND = YES;
				ENABLE_TESTABILITY = YES;
				GCC_C_LANGUAGE_STANDARD = gnu11;
				GCC_DYNAMIC_NO_PIC = NO;
				GCC_NO_COMMON_BLOCKS = YES;
				GCC_OPTIMIZATION_LEVEL = 0;
				GCC_PREPROCESSOR_DEFINITIONS = (
					"DEBUG=1",
					"$(inherited)",
				);
				GCC_WARN_64_TO_32_BIT_CONVERSION = YES;
				GCC_WARN_ABOUT_RETURN_TYPE = YES_ERROR;
				GCC_WARN_UNDECLARED_SELECTOR = YES;
				GCC_WARN_UNINITIALIZED_AUTOS = YES_AGGRESSIVE;
				GCC_WARN_UNUSED_FUNCTION = YES;
				GCC_WARN_UNUSED_VARIABLE = YES;
				MACOSX_DEPLOYMENT_TARGET = 11.3;
				MTL_ENABLE_DEBUG_INFO = INCLUDE_SOURCE;
				MTL_FAST_MATH = YES;
				ONLY_ACTIVE_ARCH = YES;
				SDKROOT = macosx;
			};
			name = Debug;
		};
		064D481127466ED700005F27 /* Release */ = {
			isa = XCBuildConfiguration;
			buildSettings = {
				ALWAYS_SEARCH_USER_PATHS = NO;
				CLANG_ANALYZER_NONNULL = YES;
				CLANG_ANALYZER_NUMBER_OBJECT_CONVERSION = YES_AGGRESSIVE;
				CLANG_CXX_LANGUAGE_STANDARD = "gnu++14";
				CLANG_CXX_LIBRARY = "libc++";
				CLANG_ENABLE_MODULES = YES;
				CLANG_ENABLE_OBJC_ARC = YES;
				CLANG_ENABLE_OBJC_WEAK = YES;
				CLANG_WARN_BLOCK_CAPTURE_AUTORELEASING = YES;
				CLANG_WARN_BOOL_CONVERSION = YES;
				CLANG_WARN_COMMA = YES;
				CLANG_WARN_CONSTANT_CONVERSION = YES;
				CLANG_WARN_DEPRECATED_OBJC_IMPLEMENTATIONS = YES;
				CLANG_WARN_DIRECT_OBJC_ISA_USAGE = YES_ERROR;
				CLANG_WARN_DOCUMENTATION_COMMENTS = YES;
				CLANG_WARN_EMPTY_BODY = YES;
				CLANG_WARN_ENUM_CONVERSION = YES;
				CLANG_WARN_INFINITE_RECURSION = YES;
				CLANG_WARN_INT_CONVERSION = YES;
				CLANG_WARN_NON_LITERAL_NULL_CONVERSION = YES;
				CLANG_WARN_OBJC_IMPLICIT_RETAIN_SELF = YES;
				CLANG_WARN_OBJC_LITERAL_CONVERSION = YES;
				CLANG_WARN_OBJC_ROOT_CLASS = YES_ERROR;
				CLANG_WARN_QUOTED_INCLUDE_IN_FRAMEWORK_HEADER = YES;
				CLANG_WARN_RANGE_LOOP_ANALYSIS = YES;
				CLANG_WARN_STRICT_PROTOTYPES = YES;
				CLANG_WARN_SUSPICIOUS_MOVE = YES;
				CLANG_WARN_UNGUARDED_AVAILABILITY = YES_AGGRESSIVE;
				CLANG_WARN_UNREACHABLE_CODE = YES;
				CLANG_WARN__DUPLICATE_METHOD_MATCH = YES;
				COPY_PHASE_STRIP = NO;
				DEBUG_INFORMATION_FORMAT = "dwarf-with-dsym";
				ENABLE_NS_ASSERTIONS = NO;
				ENABLE_STRICT_OBJC_MSGSEND = YES;
				GCC_C_LANGUAGE_STANDARD = gnu11;
				GCC_NO_COMMON_BLOCKS = YES;
				GCC_WARN_64_TO_32_BIT_CONVERSION = YES;
				GCC_WARN_ABOUT_RETURN_TYPE = YES_ERROR;
				GCC_WARN_UNDECLARED_SELECTOR = YES;
				GCC_WARN_UNINITIALIZED_AUTOS = YES_AGGRESSIVE;
				GCC_WARN_UNUSED_FUNCTION = YES;
				GCC_WARN_UNUSED_VARIABLE = YES;
				MACOSX_DEPLOYMENT_TARGET = 11.3;
				MTL_ENABLE_DEBUG_INFO = NO;
				MTL_FAST_MATH = YES;
				SDKROOT = macosx;
			};
			name = Release;
		};
		064D481327466ED700005F27 /* Debug */ = {
			isa = XCBuildConfiguration;
			buildSettings = {
				CODE_SIGN_STYLE = Automatic;
				DEVELOPMENT_TEAM = UAVM255T7W;
				ENABLE_HARDENED_RUNTIME = YES;
				PRODUCT_NAME = "$(TARGET_NAME)";
			};
			name = Debug;
		};
		064D481427466ED700005F27 /* Release */ = {
			isa = XCBuildConfiguration;
			buildSettings = {
				CODE_SIGN_STYLE = Automatic;
				DEVELOPMENT_TEAM = UAVM255T7W;
				ENABLE_HARDENED_RUNTIME = YES;
				PRODUCT_NAME = "$(TARGET_NAME)";
			};
			name = Release;
		};
/* End XCBuildConfiguration section */

/* Begin XCConfigurationList section */
		064D480627466ED700005F27 /* Build configuration list for PBXProject "rndquake" */ = {
			isa = XCConfigurationList;
			buildConfigurations = (
				064D481027466ED700005F27 /* Debug */,
				064D481127466ED700005F27 /* Release */,
			);
			defaultConfigurationIsVisible = 0;
			defaultConfigurationName = Release;
		};
		064D481227466ED700005F27 /* Build configuration list for PBXNativeTarget "rndquake" */ = {
			isa = XCConfigurationList;
			buildConfigurations = (
				064D481327466ED700005F27 /* Debug */,
				064D481427466ED700005F27 /* Release */,
			);
			defaultConfigurationIsVisible = 0;
			defaultConfigurationName = Release;
		};
/* End XCConfigurationList section */
	};
	rootObject = 064D480327466ED700005F27 /* Project object */;
}
